{
  "version": 4,
  "terraform_version": "1.2.6",
  "serial": 53,
  "lineage": "6744a301-9365-b191-a8b1-c52a5edc27fc",
  "outputs": {},
  "resources": [
    {
      "mode": "managed",
      "type": "proxmox_vm_qemu",
      "name": "kube-agent",
      "provider": "provider[\"registry.terraform.io/telmate/proxmox\"]",
      "instances": [
        {
          "index_key": 0,
          "schema_version": 0,
          "attributes": {
            "additional_wait": 0,
            "agent": 1,
            "args": "",
            "automatic_reboot": true,
            "balloon": 0,
            "bios": "seabios",
            "boot": "c",
            "bootdisk": "scsi0",
            "bridge": "",
            "ci_wait": null,
            "cicustom": "",
            "cipassword": "",
            "ciuser": "",
            "clone": "ubuntu-2004-cloudinit-template",
            "clone_wait": 0,
            "cloudinit_cdrom_storage": null,
            "cores": 2,
            "cpu": "host",
            "default_ipv4_address": "192.168.3.51",
            "define_connection_info": true,
            "desc": "",
            "disk": [
              {
                "aio": "",
                "backup": 0,
                "cache": "none",
                "discard": "",
                "file": "vm-501-disk-0",
                "format": "raw",
                "iothread": 1,
                "mbps": 0,
                "mbps_rd": 0,
                "mbps_rd_max": 0,
                "mbps_wr": 0,
                "mbps_wr_max": 0,
                "media": "",
                "replicate": 0,
                "size": "20G",
                "slot": 0,
                "ssd": 0,
                "storage": "local-zfs",
                "storage_type": "zfspool",
                "type": "scsi",
                "volume": "local-zfs:vm-501-disk-0"
              }
            ],
            "disk_gb": 0,
            "force_create": false,
            "force_recreate_on_change_of": null,
            "full_clone": true,
            "guest_agent_ready_timeout": 100,
            "hagroup": "",
            "hastate": "",
            "hotplug": "network,disk,usb",
            "id": "pve/qemu/501",
            "ipconfig0": "ip=192.168.3.51/24,gw=192.168.3.1",
            "ipconfig1": "",
            "ipconfig2": "",
            "ipconfig3": "",
            "ipconfig4": "",
            "ipconfig5": "",
            "iso": null,
            "kvm": true,
            "mac": "",
            "memory": 4096,
            "name": "k3s-agent-01",
            "nameserver": "",
            "network": [
              {
                "bridge": "vmbr0",
                "firewall": false,
                "link_down": false,
                "macaddr": "9E:04:84:6A:F2:C2",
                "model": "virtio",
                "mtu": 0,
                "queues": 0,
                "rate": 0,
                "tag": -1
              }
            ],
            "nic": "",
            "numa": false,
            "onboot": false,
            "oncreate": true,
            "os_network_config": null,
            "os_type": "cloud-init",
            "pool": "",
            "preprovision": true,
            "pxe": null,
            "qemu_os": "other",
            "reboot_required": false,
            "scsihw": "virtio-scsi-pci",
            "searchdomain": "",
            "serial": [],
            "sockets": 1,
            "ssh_forward_ip": null,
            "ssh_host": "192.168.3.51",
            "ssh_port": "22",
            "ssh_private_key": null,
            "ssh_user": null,
            "sshkeys": "  ssh-rsa AAAAB3NzaC1yc2EAAAADAQABAAABgQCco5YXW7CDJQFlB8JDx4eqNYw5H9aDEP+5kX07D69nx2s3TMZbPXuwJqNswAnA5BDCmU4k/aNgyAgtR1N1WaQBNlqQFJslOfHkLZ7haZ7QCPWLG0Hg5I+zFhN8yxmfZwsbjMe0mvDtzX2jWwwZDMKwpnnsyQm3Q7neh6yEA0XmXRAW395EpOOLECX5U4UOU/DxENJJsV/McwvbSa1ZrRHbpYhz+Hvjpln5xXQ5+xbrBubQRMlfTRdf3sDYqnaDVgemWxfOk8y3GSU9xFuOPeSQECD/v9MI9MY1g2vQOCU+7uw1LKE0lqML7SYenYwg0TGlqG9QxIG8Q4bcP/DcUUsptGKWZ9jAhHDgQ6+RO1T+O0sEQV5xi/pJHnubtoesLgV3c+tmOsDiAH7zDVthId6NmWZEN0MeyFe6sL7fGIZrc4T9/TkSqsZtz6p7/+IIhiioJW1/y1dwdaj1rcasPBXbkB8k5qnnF+nP1fbVUmN9IDVbVxJkUh1qKnY4gTFXZKU=\nssh-rsa AAAAB3NzaC1yc2EAAAADAQABAAABgQDZwOz5+lWUNiwXnOOJfU6KDl6nzguyy73GkWtrQSzagI2BH4vR5azyFWUdCf53gNJdcgBWc5zqzs1iEhTbJHGRULYiExS7mjMt9ULfcSFhjz3p/r5IxexVdU9WenOLFD7zJe+UsHomz1RBZuvhEgMVgTQ+BjSIYxvgoNDy7eOuhztMe4mfVKE9jgV7rmFHddtn+8uIf39qkfOJEUTeL84advaN3Wn5eHV1uKDpST0CFWJEHy15rZjwhWJxqoxJETZMCZEwtBKKe++TlAfKzkk2ZHFt4Wf8kXi+NaQNp51uEI4k4FAbWZxA46+qLXlwjC/fXfhD2PDhe9JsSrre5e/KycnMAwv3lDHY1UrV9MoGpNFe2tTKaoYBj2s8BhIqmWw2q9OLcHzANuYv8xuE7ILtRvOwE7m41fctntn3bpehJp4XvH/n/rVSDQSAgub1Ufa9sw2i6aUSDv1Sa92V9QNPPvYlcJ/x9X3YZ3O3oHu0KO//hklUg/zmNF80g+p/Glk=\n\n",
            "storage": "",
            "storage_type": "",
            "tablet": true,
            "tags": "",
            "target_node": "pve",
            "timeouts": null,
            "unused_disk": [],
            "usb": [],
            "vcpus": 0,
            "vga": [],
            "vlan": -1,
            "vmid": 501
          },
          "sensitive_attributes": [],
          "private": "eyJlMmJmYjczMC1lY2FhLTExZTYtOGY4OC0zNDM2M2JjN2M0YzAiOnsiY3JlYXRlIjozMDAwMDAwMDAwMDAsImRlZmF1bHQiOjMwMDAwMDAwMDAwMCwiZGVsZXRlIjoxODAwMDAwMDAwMDAsInJlYWQiOjE4MDAwMDAwMDAwMCwidXBkYXRlIjoxODAwMDAwMDAwMDB9fQ=="
        },
        {
          "index_key": 1,
          "schema_version": 0,
          "attributes": {
            "additional_wait": 0,
            "agent": 1,
            "args": "",
            "automatic_reboot": true,
            "balloon": 0,
            "bios": "seabios",
            "boot": "c",
            "bootdisk": "scsi0",
            "bridge": "",
            "ci_wait": null,
            "cicustom": "",
            "cipassword": "",
            "ciuser": "",
            "clone": "ubuntu-2004-cloudinit-template",
            "clone_wait": 0,
            "cloudinit_cdrom_storage": null,
            "cores": 2,
            "cpu": "host",
            "default_ipv4_address": "192.168.3.52",
            "define_connection_info": true,
            "desc": "",
            "disk": [
              {
                "aio": "",
                "backup": 0,
                "cache": "none",
                "discard": "",
                "file": "vm-502-disk-0",
                "format": "raw",
                "iothread": 1,
                "mbps": 0,
                "mbps_rd": 0,
                "mbps_rd_max": 0,
                "mbps_wr": 0,
                "mbps_wr_max": 0,
                "media": "",
                "replicate": 0,
                "size": "20G",
                "slot": 0,
                "ssd": 0,
                "storage": "local-zfs",
                "storage_type": "zfspool",
                "type": "scsi",
                "volume": "local-zfs:vm-502-disk-0"
              }
            ],
            "disk_gb": 0,
            "force_create": false,
            "force_recreate_on_change_of": null,
            "full_clone": true,
            "guest_agent_ready_timeout": 100,
            "hagroup": "",
            "hastate": "",
            "hotplug": "network,disk,usb",
            "id": "pve/qemu/502",
            "ipconfig0": "ip=192.168.3.52/24,gw=192.168.3.1",
            "ipconfig1": "",
            "ipconfig2": "",
            "ipconfig3": "",
            "ipconfig4": "",
            "ipconfig5": "",
            "iso": null,
            "kvm": true,
            "mac": "",
            "memory": 4096,
            "name": "k3s-agent-02",
            "nameserver": "",
            "network": [
              {
                "bridge": "vmbr0",
                "firewall": false,
                "link_down": false,
                "macaddr": "76:1F:1D:59:93:F2",
                "model": "virtio",
                "mtu": 0,
                "queues": 0,
                "rate": 0,
                "tag": -1
              }
            ],
            "nic": "",
            "numa": false,
            "onboot": false,
            "oncreate": true,
            "os_network_config": null,
            "os_type": "cloud-init",
            "pool": "",
            "preprovision": true,
            "pxe": null,
            "qemu_os": "other",
            "reboot_required": false,
            "scsihw": "virtio-scsi-pci",
            "searchdomain": "",
            "serial": [],
            "sockets": 1,
            "ssh_forward_ip": null,
            "ssh_host": "192.168.3.52",
            "ssh_port": "22",
            "ssh_private_key": null,
            "ssh_user": null,
            "sshkeys": "  ssh-rsa AAAAB3NzaC1yc2EAAAADAQABAAABgQCco5YXW7CDJQFlB8JDx4eqNYw5H9aDEP+5kX07D69nx2s3TMZbPXuwJqNswAnA5BDCmU4k/aNgyAgtR1N1WaQBNlqQFJslOfHkLZ7haZ7QCPWLG0Hg5I+zFhN8yxmfZwsbjMe0mvDtzX2jWwwZDMKwpnnsyQm3Q7neh6yEA0XmXRAW395EpOOLECX5U4UOU/DxENJJsV/McwvbSa1ZrRHbpYhz+Hvjpln5xXQ5+xbrBubQRMlfTRdf3sDYqnaDVgemWxfOk8y3GSU9xFuOPeSQECD/v9MI9MY1g2vQOCU+7uw1LKE0lqML7SYenYwg0TGlqG9QxIG8Q4bcP/DcUUsptGKWZ9jAhHDgQ6+RO1T+O0sEQV5xi/pJHnubtoesLgV3c+tmOsDiAH7zDVthId6NmWZEN0MeyFe6sL7fGIZrc4T9/TkSqsZtz6p7/+IIhiioJW1/y1dwdaj1rcasPBXbkB8k5qnnF+nP1fbVUmN9IDVbVxJkUh1qKnY4gTFXZKU=\nssh-rsa AAAAB3NzaC1yc2EAAAADAQABAAABgQDZwOz5+lWUNiwXnOOJfU6KDl6nzguyy73GkWtrQSzagI2BH4vR5azyFWUdCf53gNJdcgBWc5zqzs1iEhTbJHGRULYiExS7mjMt9ULfcSFhjz3p/r5IxexVdU9WenOLFD7zJe+UsHomz1RBZuvhEgMVgTQ+BjSIYxvgoNDy7eOuhztMe4mfVKE9jgV7rmFHddtn+8uIf39qkfOJEUTeL84advaN3Wn5eHV1uKDpST0CFWJEHy15rZjwhWJxqoxJETZMCZEwtBKKe++TlAfKzkk2ZHFt4Wf8kXi+NaQNp51uEI4k4FAbWZxA46+qLXlwjC/fXfhD2PDhe9JsSrre5e/KycnMAwv3lDHY1UrV9MoGpNFe2tTKaoYBj2s8BhIqmWw2q9OLcHzANuYv8xuE7ILtRvOwE7m41fctntn3bpehJp4XvH/n/rVSDQSAgub1Ufa9sw2i6aUSDv1Sa92V9QNPPvYlcJ/x9X3YZ3O3oHu0KO//hklUg/zmNF80g+p/Glk=\n\n",
            "storage": "",
            "storage_type": "",
            "tablet": true,
            "tags": "",
            "target_node": "pve",
            "timeouts": null,
            "unused_disk": [],
            "usb": [],
            "vcpus": 0,
            "vga": [],
            "vlan": -1,
            "vmid": 502
          },
          "sensitive_attributes": [],
          "private": "eyJlMmJmYjczMC1lY2FhLTExZTYtOGY4OC0zNDM2M2JjN2M0YzAiOnsiY3JlYXRlIjozMDAwMDAwMDAwMDAsImRlZmF1bHQiOjMwMDAwMDAwMDAwMCwiZGVsZXRlIjoxODAwMDAwMDAwMDAsInJlYWQiOjE4MDAwMDAwMDAwMCwidXBkYXRlIjoxODAwMDAwMDAwMDB9fQ=="
        }
      ]
    },
    {
      "mode": "managed",
      "type": "proxmox_vm_qemu",
      "name": "kube-server",
      "provider": "provider[\"registry.terraform.io/telmate/proxmox\"]",
      "instances": [
        {
          "index_key": 0,
          "schema_version": 0,
          "attributes": {
            "additional_wait": 0,
            "agent": 1,
            "args": "",
            "automatic_reboot": true,
            "balloon": 0,
            "bios": "seabios",
            "boot": "c",
            "bootdisk": "scsi0",
            "bridge": "",
            "ci_wait": null,
            "cicustom": "",
            "cipassword": "",
            "ciuser": "",
            "clone": "ubuntu-2004-cloudinit-template",
            "clone_wait": 0,
            "cloudinit_cdrom_storage": null,
            "cores": 2,
            "cpu": "host",
            "default_ipv4_address": "192.168.3.41",
            "define_connection_info": true,
            "desc": "",
            "disk": [
              {
                "aio": "",
                "backup": 0,
                "cache": "none",
                "discard": "",
                "file": "vm-401-disk-0",
                "format": "raw",
                "iothread": 1,
                "mbps": 0,
                "mbps_rd": 0,
                "mbps_rd_max": 0,
                "mbps_wr": 0,
                "mbps_wr_max": 0,
                "media": "",
                "replicate": 0,
                "size": "20G",
                "slot": 0,
                "ssd": 0,
                "storage": "local-zfs",
                "storage_type": "zfspool",
                "type": "scsi",
                "volume": "local-zfs:vm-401-disk-0"
              }
            ],
            "disk_gb": 0,
            "force_create": false,
            "force_recreate_on_change_of": null,
            "full_clone": true,
            "guest_agent_ready_timeout": 100,
            "hagroup": "",
            "hastate": "",
            "hotplug": "network,disk,usb",
            "id": "pve/qemu/401",
            "ipconfig0": "ip=192.168.3.41/24,gw=192.168.3.1",
            "ipconfig1": "",
            "ipconfig2": "",
            "ipconfig3": "",
            "ipconfig4": "",
            "ipconfig5": "",
            "iso": null,
            "kvm": true,
            "mac": "",
            "memory": 4096,
            "name": "k3s-server-01",
            "nameserver": "",
            "network": [
              {
                "bridge": "vmbr0",
                "firewall": false,
                "link_down": false,
                "macaddr": "06:CB:5B:8F:20:92",
                "model": "virtio",
                "mtu": 0,
                "queues": 0,
                "rate": 0,
                "tag": -1
              }
            ],
            "nic": "",
            "numa": false,
            "onboot": false,
            "oncreate": true,
            "os_network_config": null,
            "os_type": "cloud-init",
            "pool": "",
            "preprovision": true,
            "pxe": null,
            "qemu_os": "other",
            "reboot_required": false,
            "scsihw": "virtio-scsi-pci",
            "searchdomain": "",
            "serial": [],
            "sockets": 1,
            "ssh_forward_ip": null,
            "ssh_host": "192.168.3.41",
            "ssh_port": "22",
            "ssh_private_key": null,
            "ssh_user": null,
            "sshkeys": "  ssh-rsa AAAAB3NzaC1yc2EAAAADAQABAAABgQCco5YXW7CDJQFlB8JDx4eqNYw5H9aDEP+5kX07D69nx2s3TMZbPXuwJqNswAnA5BDCmU4k/aNgyAgtR1N1WaQBNlqQFJslOfHkLZ7haZ7QCPWLG0Hg5I+zFhN8yxmfZwsbjMe0mvDtzX2jWwwZDMKwpnnsyQm3Q7neh6yEA0XmXRAW395EpOOLECX5U4UOU/DxENJJsV/McwvbSa1ZrRHbpYhz+Hvjpln5xXQ5+xbrBubQRMlfTRdf3sDYqnaDVgemWxfOk8y3GSU9xFuOPeSQECD/v9MI9MY1g2vQOCU+7uw1LKE0lqML7SYenYwg0TGlqG9QxIG8Q4bcP/DcUUsptGKWZ9jAhHDgQ6+RO1T+O0sEQV5xi/pJHnubtoesLgV3c+tmOsDiAH7zDVthId6NmWZEN0MeyFe6sL7fGIZrc4T9/TkSqsZtz6p7/+IIhiioJW1/y1dwdaj1rcasPBXbkB8k5qnnF+nP1fbVUmN9IDVbVxJkUh1qKnY4gTFXZKU=\nssh-rsa AAAAB3NzaC1yc2EAAAADAQABAAABgQDZwOz5+lWUNiwXnOOJfU6KDl6nzguyy73GkWtrQSzagI2BH4vR5azyFWUdCf53gNJdcgBWc5zqzs1iEhTbJHGRULYiExS7mjMt9ULfcSFhjz3p/r5IxexVdU9WenOLFD7zJe+UsHomz1RBZuvhEgMVgTQ+BjSIYxvgoNDy7eOuhztMe4mfVKE9jgV7rmFHddtn+8uIf39qkfOJEUTeL84advaN3Wn5eHV1uKDpST0CFWJEHy15rZjwhWJxqoxJETZMCZEwtBKKe++TlAfKzkk2ZHFt4Wf8kXi+NaQNp51uEI4k4FAbWZxA46+qLXlwjC/fXfhD2PDhe9JsSrre5e/KycnMAwv3lDHY1UrV9MoGpNFe2tTKaoYBj2s8BhIqmWw2q9OLcHzANuYv8xuE7ILtRvOwE7m41fctntn3bpehJp4XvH/n/rVSDQSAgub1Ufa9sw2i6aUSDv1Sa92V9QNPPvYlcJ/x9X3YZ3O3oHu0KO//hklUg/zmNF80g+p/Glk=\n\n",
            "storage": "",
            "storage_type": "",
            "tablet": true,
            "tags": "",
            "target_node": "pve",
            "timeouts": null,
            "unused_disk": [],
            "usb": [],
            "vcpus": 0,
            "vga": [],
            "vlan": -1,
            "vmid": 401
          },
          "sensitive_attributes": [],
          "private": "eyJlMmJmYjczMC1lY2FhLTExZTYtOGY4OC0zNDM2M2JjN2M0YzAiOnsiY3JlYXRlIjozMDAwMDAwMDAwMDAsImRlZmF1bHQiOjMwMDAwMDAwMDAwMCwiZGVsZXRlIjoxODAwMDAwMDAwMDAsInJlYWQiOjE4MDAwMDAwMDAwMCwidXBkYXRlIjoxODAwMDAwMDAwMDB9fQ=="
        },
        {
          "index_key": 1,
          "schema_version": 0,
          "attributes": {
            "additional_wait": 0,
            "agent": 1,
            "args": "",
            "automatic_reboot": true,
            "balloon": 0,
            "bios": "seabios",
            "boot": "c",
            "bootdisk": "scsi0",
            "bridge": "",
            "ci_wait": null,
            "cicustom": "",
            "cipassword": "",
            "ciuser": "",
            "clone": "ubuntu-2004-cloudinit-template",
            "clone_wait": 0,
            "cloudinit_cdrom_storage": null,
            "cores": 2,
            "cpu": "host",
            "default_ipv4_address": "192.168.3.42",
            "define_connection_info": true,
            "desc": "",
            "disk": [
              {
                "aio": "",
                "backup": 0,
                "cache": "none",
                "discard": "",
                "file": "vm-402-disk-0",
                "format": "raw",
                "iothread": 1,
                "mbps": 0,
                "mbps_rd": 0,
                "mbps_rd_max": 0,
                "mbps_wr": 0,
                "mbps_wr_max": 0,
                "media": "",
                "replicate": 0,
                "size": "20G",
                "slot": 0,
                "ssd": 0,
                "storage": "local-zfs",
                "storage_type": "zfspool",
                "type": "scsi",
                "volume": "local-zfs:vm-402-disk-0"
              }
            ],
            "disk_gb": 0,
            "force_create": false,
            "force_recreate_on_change_of": null,
            "full_clone": true,
            "guest_agent_ready_timeout": 100,
            "hagroup": "",
            "hastate": "",
            "hotplug": "network,disk,usb",
            "id": "pve/qemu/402",
            "ipconfig0": "ip=192.168.3.42/24,gw=192.168.3.1",
            "ipconfig1": "",
            "ipconfig2": "",
            "ipconfig3": "",
            "ipconfig4": "",
            "ipconfig5": "",
            "iso": null,
            "kvm": true,
            "mac": "",
            "memory": 4096,
            "name": "k3s-server-02",
            "nameserver": "",
            "network": [
              {
                "bridge": "vmbr0",
                "firewall": false,
                "link_down": false,
                "macaddr": "B6:06:4B:50:C6:6B",
                "model": "virtio",
                "mtu": 0,
                "queues": 0,
                "rate": 0,
                "tag": -1
              }
            ],
            "nic": "",
            "numa": false,
            "onboot": false,
            "oncreate": true,
            "os_network_config": null,
            "os_type": "cloud-init",
            "pool": "",
            "preprovision": true,
            "pxe": null,
            "qemu_os": "other",
            "reboot_required": false,
            "scsihw": "virtio-scsi-pci",
            "searchdomain": "",
            "serial": [],
            "sockets": 1,
            "ssh_forward_ip": null,
            "ssh_host": "192.168.3.42",
            "ssh_port": "22",
            "ssh_private_key": null,
            "ssh_user": null,
            "sshkeys": "  ssh-rsa AAAAB3NzaC1yc2EAAAADAQABAAABgQCco5YXW7CDJQFlB8JDx4eqNYw5H9aDEP+5kX07D69nx2s3TMZbPXuwJqNswAnA5BDCmU4k/aNgyAgtR1N1WaQBNlqQFJslOfHkLZ7haZ7QCPWLG0Hg5I+zFhN8yxmfZwsbjMe0mvDtzX2jWwwZDMKwpnnsyQm3Q7neh6yEA0XmXRAW395EpOOLECX5U4UOU/DxENJJsV/McwvbSa1ZrRHbpYhz+Hvjpln5xXQ5+xbrBubQRMlfTRdf3sDYqnaDVgemWxfOk8y3GSU9xFuOPeSQECD/v9MI9MY1g2vQOCU+7uw1LKE0lqML7SYenYwg0TGlqG9QxIG8Q4bcP/DcUUsptGKWZ9jAhHDgQ6+RO1T+O0sEQV5xi/pJHnubtoesLgV3c+tmOsDiAH7zDVthId6NmWZEN0MeyFe6sL7fGIZrc4T9/TkSqsZtz6p7/+IIhiioJW1/y1dwdaj1rcasPBXbkB8k5qnnF+nP1fbVUmN9IDVbVxJkUh1qKnY4gTFXZKU=\nssh-rsa AAAAB3NzaC1yc2EAAAADAQABAAABgQDZwOz5+lWUNiwXnOOJfU6KDl6nzguyy73GkWtrQSzagI2BH4vR5azyFWUdCf53gNJdcgBWc5zqzs1iEhTbJHGRULYiExS7mjMt9ULfcSFhjz3p/r5IxexVdU9WenOLFD7zJe+UsHomz1RBZuvhEgMVgTQ+BjSIYxvgoNDy7eOuhztMe4mfVKE9jgV7rmFHddtn+8uIf39qkfOJEUTeL84advaN3Wn5eHV1uKDpST0CFWJEHy15rZjwhWJxqoxJETZMCZEwtBKKe++TlAfKzkk2ZHFt4Wf8kXi+NaQNp51uEI4k4FAbWZxA46+qLXlwjC/fXfhD2PDhe9JsSrre5e/KycnMAwv3lDHY1UrV9MoGpNFe2tTKaoYBj2s8BhIqmWw2q9OLcHzANuYv8xuE7ILtRvOwE7m41fctntn3bpehJp4XvH/n/rVSDQSAgub1Ufa9sw2i6aUSDv1Sa92V9QNPPvYlcJ/x9X3YZ3O3oHu0KO//hklUg/zmNF80g+p/Glk=\n\n",
            "storage": "",
            "storage_type": "",
            "tablet": true,
            "tags": "",
            "target_node": "pve",
            "timeouts": null,
            "unused_disk": [],
            "usb": [],
            "vcpus": 0,
            "vga": [],
            "vlan": -1,
            "vmid": 402
          },
          "sensitive_attributes": [],
          "private": "eyJlMmJmYjczMC1lY2FhLTExZTYtOGY4OC0zNDM2M2JjN2M0YzAiOnsiY3JlYXRlIjozMDAwMDAwMDAwMDAsImRlZmF1bHQiOjMwMDAwMDAwMDAwMCwiZGVsZXRlIjoxODAwMDAwMDAwMDAsInJlYWQiOjE4MDAwMDAwMDAwMCwidXBkYXRlIjoxODAwMDAwMDAwMDB9fQ=="
        },
        {
          "index_key": 2,
          "schema_version": 0,
          "attributes": {
            "additional_wait": 0,
            "agent": 1,
            "args": "",
            "automatic_reboot": true,
            "balloon": 0,
            "bios": "seabios",
            "boot": "c",
            "bootdisk": "scsi0",
            "bridge": "",
            "ci_wait": null,
            "cicustom": "",
            "cipassword": "",
            "ciuser": "",
            "clone": "ubuntu-2004-cloudinit-template",
            "clone_wait": 0,
            "cloudinit_cdrom_storage": null,
            "cores": 2,
            "cpu": "host",
            "default_ipv4_address": "192.168.3.43",
            "define_connection_info": true,
            "desc": "",
            "disk": [
              {
                "aio": "",
                "backup": 0,
                "cache": "none",
                "discard": "",
                "file": "vm-403-disk-0",
                "format": "raw",
                "iothread": 1,
                "mbps": 0,
                "mbps_rd": 0,
                "mbps_rd_max": 0,
                "mbps_wr": 0,
                "mbps_wr_max": 0,
                "media": "",
                "replicate": 0,
                "size": "20G",
                "slot": 0,
                "ssd": 0,
                "storage": "local-zfs",
                "storage_type": "zfspool",
                "type": "scsi",
                "volume": "local-zfs:vm-403-disk-0"
              }
            ],
            "disk_gb": 0,
            "force_create": false,
            "force_recreate_on_change_of": null,
            "full_clone": true,
            "guest_agent_ready_timeout": 100,
            "hagroup": "",
            "hastate": "",
            "hotplug": "network,disk,usb",
            "id": "pve/qemu/403",
            "ipconfig0": "ip=192.168.3.43/24,gw=192.168.3.1",
            "ipconfig1": "",
            "ipconfig2": "",
            "ipconfig3": "",
            "ipconfig4": "",
            "ipconfig5": "",
            "iso": null,
            "kvm": true,
            "mac": "",
            "memory": 4096,
            "name": "k3s-server-03",
            "nameserver": "",
            "network": [
              {
                "bridge": "vmbr0",
                "firewall": false,
                "link_down": false,
                "macaddr": "D2:06:51:03:02:01",
                "model": "virtio",
                "mtu": 0,
                "queues": 0,
                "rate": 0,
                "tag": -1
              }
            ],
            "nic": "",
            "numa": false,
            "onboot": false,
            "oncreate": true,
            "os_network_config": null,
            "os_type": "cloud-init",
            "pool": "",
            "preprovision": true,
            "pxe": null,
            "qemu_os": "other",
            "reboot_required": false,
            "scsihw": "virtio-scsi-pci",
            "searchdomain": "",
            "serial": [],
            "sockets": 1,
            "ssh_forward_ip": null,
            "ssh_host": "192.168.3.43",
            "ssh_port": "22",
            "ssh_private_key": null,
            "ssh_user": null,
            "sshkeys": "  ssh-rsa AAAAB3NzaC1yc2EAAAADAQABAAABgQCco5YXW7CDJQFlB8JDx4eqNYw5H9aDEP+5kX07D69nx2s3TMZbPXuwJqNswAnA5BDCmU4k/aNgyAgtR1N1WaQBNlqQFJslOfHkLZ7haZ7QCPWLG0Hg5I+zFhN8yxmfZwsbjMe0mvDtzX2jWwwZDMKwpnnsyQm3Q7neh6yEA0XmXRAW395EpOOLECX5U4UOU/DxENJJsV/McwvbSa1ZrRHbpYhz+Hvjpln5xXQ5+xbrBubQRMlfTRdf3sDYqnaDVgemWxfOk8y3GSU9xFuOPeSQECD/v9MI9MY1g2vQOCU+7uw1LKE0lqML7SYenYwg0TGlqG9QxIG8Q4bcP/DcUUsptGKWZ9jAhHDgQ6+RO1T+O0sEQV5xi/pJHnubtoesLgV3c+tmOsDiAH7zDVthId6NmWZEN0MeyFe6sL7fGIZrc4T9/TkSqsZtz6p7/+IIhiioJW1/y1dwdaj1rcasPBXbkB8k5qnnF+nP1fbVUmN9IDVbVxJkUh1qKnY4gTFXZKU=\nssh-rsa AAAAB3NzaC1yc2EAAAADAQABAAABgQDZwOz5+lWUNiwXnOOJfU6KDl6nzguyy73GkWtrQSzagI2BH4vR5azyFWUdCf53gNJdcgBWc5zqzs1iEhTbJHGRULYiExS7mjMt9ULfcSFhjz3p/r5IxexVdU9WenOLFD7zJe+UsHomz1RBZuvhEgMVgTQ+BjSIYxvgoNDy7eOuhztMe4mfVKE9jgV7rmFHddtn+8uIf39qkfOJEUTeL84advaN3Wn5eHV1uKDpST0CFWJEHy15rZjwhWJxqoxJETZMCZEwtBKKe++TlAfKzkk2ZHFt4Wf8kXi+NaQNp51uEI4k4FAbWZxA46+qLXlwjC/fXfhD2PDhe9JsSrre5e/KycnMAwv3lDHY1UrV9MoGpNFe2tTKaoYBj2s8BhIqmWw2q9OLcHzANuYv8xuE7ILtRvOwE7m41fctntn3bpehJp4XvH/n/rVSDQSAgub1Ufa9sw2i6aUSDv1Sa92V9QNPPvYlcJ/x9X3YZ3O3oHu0KO//hklUg/zmNF80g+p/Glk=\n\n",
            "storage": "",
            "storage_type": "",
            "tablet": true,
            "tags": "",
            "target_node": "pve",
            "timeouts": null,
            "unused_disk": [],
            "usb": [],
            "vcpus": 0,
            "vga": [],
            "vlan": -1,
            "vmid": 403
          },
          "sensitive_attributes": [],
          "private": "eyJlMmJmYjczMC1lY2FhLTExZTYtOGY4OC0zNDM2M2JjN2M0YzAiOnsiY3JlYXRlIjozMDAwMDAwMDAwMDAsImRlZmF1bHQiOjMwMDAwMDAwMDAwMCwiZGVsZXRlIjoxODAwMDAwMDAwMDAsInJlYWQiOjE4MDAwMDAwMDAwMCwidXBkYXRlIjoxODAwMDAwMDAwMDB9fQ=="
        }
      ]
    }
  ]
}
